# THIS IS AN AUTOGENERATED FILE. DO NOT EDIT THIS FILE DIRECTLY.
# yarn lockfile v1


"@hyperswarm/dht@next":
  version "5.0.25"
  resolved "https://registry.yarnpkg.com/@hyperswarm/dht/-/dht-5.0.25.tgz#eb9f4c314715723ed7e7dcec2b3dbe2722fddda2"
  integrity sha512-x8Fpvp96NSb3M/0Fap2rm70obpNd0fe8oJnwZxJfIvxQtItYFVCrD8URsI+0Fxt4tNINMxnE9h3MaKoaxePP2A==
  dependencies:
    "@hyperswarm/secret-stream" "^5.1.0"
    b4a "^1.3.1"
    bind-easy "^1.0.1"
    bogon "^1.0.0"
    compact-encoding "^2.4.1"
    compact-encoding-net "^1.0.1"
    debugging-stream "^2.0.0"
    dht-rpc "^5.0.1"
    noise-curve-ed "^1.0.2"
    noise-handshake "^2.1.0"
    record-cache "^1.1.1"
    safety-catch "^1.0.1"
    sodium-universal "^3.0.4"
    utp-native "^2.5.3"
    xache "^1.0.0"

"@hyperswarm/secret-stream@^5.1.0":
  version "5.2.0"
  resolved "https://registry.yarnpkg.com/@hyperswarm/secret-stream/-/secret-stream-5.2.0.tgz#26621646d3f696e81a33a92f61db31b20be9bfd3"
  integrity sha512-GwgLlbJV0DgvdTm0hPfyM4IWcWqJXIPCgkZ/DAh5CJ0HX8WW/4pDw70h7fRK5zBU1XUT6IYO2QAOeqZS+e9Dvg==
  dependencies:
    b4a "^1.1.0"
    noise-curve-ed "^1.0.2"
    noise-handshake "^2.1.0"
    sodium-secretstream "^1.0.0"
    sodium-universal "^3.0.4"
    streamx "^2.10.2"
    timeout-refresh "^2.0.0"

"@hyperswarm/secret-stream@^6.0.0":
  version "6.1.2"
  resolved "https://registry.yarnpkg.com/@hyperswarm/secret-stream/-/secret-stream-6.1.2.tgz#75b3995bcc99d64c4fd32b668c2fde0630d6c574"
  integrity sha512-oem+ZEG+wOU1K47qGi51pKyqG1N3F+zz42xmReHeGZVR84y+K+6VQIXCON4EozYad8HEGCixpupt8yH8W4sMxg==
  dependencies:
    b4a "^1.1.0"
    hypercore-crypto "^3.3.1"
    noise-curve-ed "^2.0.1"
    noise-handshake "^3.0.2"
    sodium-secretstream "^1.1.0"
    sodium-universal "^4.0.0"
    streamx "^2.13.0"
    timeout-refresh "^2.0.0"

"@lejeunerenard/autobase-manager@../../p2p/autobase-manager":
  version "1.1.0"
  dependencies:
    compact-encoding "^2.11.0"
    hypercore "^10.8.0"
    protomux "^3.4.1"

autobase@latest:
  version "1.0.0-alpha.8"
  resolved "https://registry.yarnpkg.com/autobase/-/autobase-1.0.0-alpha.8.tgz#a75b5ff85156d4ff5084293bbe6e78ae6a4dcb4f"
  integrity sha512-Dnlw2u0DCZEY6CPbeLW9YI9MIwR+3kCQueqhzt8XZB98frplQrCtzK8DOjju+mYUGdFviyTUmYto9LCF3aXWdQ==
  dependencies:
    codecs "^2.2.0"
    compact-encoding "^2.0.0"
    debounceify "^1.0.0"
    mutexify "^1.3.1"
    safety-catch "^1.0.1"
    streamx "^2.10.0"

b4a@^1.0.1, b4a@^1.1.0, b4a@^1.1.1, b4a@^1.3.0, b4a@^1.3.1, b4a@^1.5.0, b4a@^1.5.3, b4a@^1.6.0:
  version "1.6.3"
  resolved "https://registry.yarnpkg.com/b4a/-/b4a-1.6.3.tgz#cce6e8a2f0d0774e5fe8062086827e979970266d"
  integrity sha512-aX6/FqpWQve8VN9kyTExy7GlmwNShvxcCWWD5QVR3ZbRlyBGtCrG5Autu95xxSPH4CRs+5PSV4d7PRnWpmqFlA==

big-sparse-array@^1.0.2, big-sparse-array@^1.0.3:
  version "1.0.3"
  resolved "https://registry.yarnpkg.com/big-sparse-array/-/big-sparse-array-1.0.3.tgz#03ca7264b9dced764c5fe07e46a7ea160c0d28f7"
  integrity sha512-6RjV/3mSZORlMdpUaQ6rUSpG637cZm0//E54YYGtQg1c1O+AbZP8UTdJ/TchsDZcTVLmyWZcseBfp2HBeXUXOQ==

bind-easy@^1.0.0, bind-easy@^1.0.1:
  version "1.1.2"
  resolved "https://registry.yarnpkg.com/bind-easy/-/bind-easy-1.1.2.tgz#d10f9be896e53fb84f49465be5b1ab9b089dbcff"
  integrity sha512-2+VjZ87WFdOFnsH4tHnmtf0HF6D2T3ZNdU1t1FYIz2jt4N3tyqbg2J0bYbflXdBkVi3xfVc8Pm8NB062SPvVVA==

bits-to-bytes@^1.3.0:
  version "1.3.0"
  resolved "https://registry.yarnpkg.com/bits-to-bytes/-/bits-to-bytes-1.3.0.tgz#b6b0b547ff5747b0609a42e31a0b57212f09f4e7"
  integrity sha512-OJoHTpFXS9bXHBCekGTByf3MqM8CGblBDIduKQeeVVeiU9dDWywSSirXIBYGgg3d1zbVuvnMa1vD4r6PA0kOKg==
  dependencies:
    b4a "^1.5.0"

blake2b-wasm@^2.4.0:
  version "2.4.0"
  resolved "https://registry.yarnpkg.com/blake2b-wasm/-/blake2b-wasm-2.4.0.tgz#9115649111edbbd87eb24ce7c04b427e4e2be5be"
  integrity sha512-S1kwmW2ZhZFFFOghcx73+ZajEfKBqhP82JMssxtLVMxlaPea1p9uoLiUZ5WYyHn0KddwbLc+0vh4wR0KBNoT5w==
  dependencies:
    b4a "^1.0.1"
    nanoassert "^2.0.0"

blake2b@^2.1.1:
  version "2.1.4"
  resolved "https://registry.yarnpkg.com/blake2b/-/blake2b-2.1.4.tgz#817d278526ddb4cd673bfb1af16d1ad61e393ba3"
  integrity sha512-AyBuuJNI64gIvwx13qiICz6H6hpmjvYS5DGkG6jbXMOT8Z3WUJ3V1X0FlhIoT1b/5JtHE3ki+xjtMvu1nn+t9A==
  dependencies:
    blake2b-wasm "^2.4.0"
    nanoassert "^2.0.0"

bogon@^1.0.0:
  version "1.1.0"
  resolved "https://registry.yarnpkg.com/bogon/-/bogon-1.1.0.tgz#14234260353d8f806c3a307202f66698f635d18b"
  integrity sha512-a6SnToksXHuUlgeMvI/txWmTcKz7c7iBa8f0HbXL4toN1Uza/CTQ4F7n9jSDX49TCpxv3KUP100q4sZfwLyLiw==
  dependencies:
    compact-encoding "^2.11.0"
    compact-encoding-net "^1.2.0"

call-me-maybe@^1.0.1:
  version "1.0.2"
  resolved "https://registry.yarnpkg.com/call-me-maybe/-/call-me-maybe-1.0.2.tgz#03f964f19522ba643b1b0693acb9152fe2074baa"
  integrity sha512-HpX65o1Hnr9HH25ojC1YGs7HCQLq0GCOibSaWER0eNpgJ/Z1MZv2mTc7+xh6WOPxbRVcmgbv4hGU+uSQ/2xFZQ==

chacha20-universal@^1.0.4:
  version "1.0.4"
  resolved "https://registry.yarnpkg.com/chacha20-universal/-/chacha20-universal-1.0.4.tgz#e8a33a386500b1ce5361b811ec5e81f1797883f5"
  integrity sha512-/IOxdWWNa7nRabfe7+oF+jVkGjlr2xUL4J8l/OvzZhj+c9RpMqoo3Dq+5nU1j/BflRV4BKnaQ4+4oH1yBpQG1Q==
  dependencies:
    nanoassert "^2.0.0"

codecs@^2.1.0, codecs@^2.2.0:
  version "2.2.0"
  resolved "https://registry.yarnpkg.com/codecs/-/codecs-2.2.0.tgz#9efe60f367482a9f9d69b4daebb73b421038ab37"
  integrity sha512-+xi2ENsvchtUNa8oBUU58gHgmyN6BEEeZ8NIEgeQ0XnC+AoyihivgZYe+OOiNi+fLy/NUowugwV5gP8XWYDm0Q==

compact-encoding-net@^1.0.1, compact-encoding-net@^1.2.0:
  version "1.2.0"
  resolved "https://registry.yarnpkg.com/compact-encoding-net/-/compact-encoding-net-1.2.0.tgz#19d2efd55df10f2ee793576fc4483bf6d2218743"
  integrity sha512-LVXpNpF7PGQeHRVVLGgYWzuVoYAaDZvKUsUxRioGfkotzvOh4AzoQF1HBH3zMNaSnx7gJXuUr3hkjnijaH/Eng==
  dependencies:
    compact-encoding "^2.4.1"

compact-encoding@^2.0.0, compact-encoding@^2.1.0, compact-encoding@^2.11.0, compact-encoding@^2.4.1, compact-encoding@^2.5.1:
  version "2.11.0"
  resolved "https://registry.yarnpkg.com/compact-encoding/-/compact-encoding-2.11.0.tgz#eff11cb0c328b3f82556cb391ed54519155fbdf8"
  integrity sha512-CRfTuyy9Tg7EwxNKvIq3yFIr2JnJLyVr9Yj234VsDCL59hdXcZH3TdzY/2kwbAqVogIoRBJjnNKCEnXbxTIEeg==
  dependencies:
    b4a "^1.3.0"

corestore@next:
  version "6.0.2"
  resolved "https://registry.yarnpkg.com/corestore/-/corestore-6.0.2.tgz#d0e9351203fff5337053f51adb7eb335290f80c4"
  integrity sha512-GIAnEnvu4GD7qicl7E3W+5RdRp0Jx+6hZbcOJI5/ne1/zaHqRDAH816i4nOftFwTf3XaYFeHD2m7OiJTakacTA==
  dependencies:
    b4a "^1.3.1"
    hypercore v10.0.0
    hypercore-crypto "^3.2.1"
    safety-catch "^1.0.1"
    sodium-universal "^3.0.4"
    xache "^1.1.0"

crc-native@^1.0.3:
  version "1.0.4"
  resolved "https://registry.yarnpkg.com/crc-native/-/crc-native-1.0.4.tgz#7fd88a7f897f8ebe0c665cf14e06ec83052e7fd6"
  integrity sha512-39RPwRmmqbngrgcdoawISUHXMCtkI+4BLlcKXVkDy7s4BOcZxIhrsCDL+/vvATvjU/EA5No60fXD16ajbk+4Ug==
  dependencies:
    napi-macros "^2.0.0"
    node-gyp-build "^4.2.3"

crc-universal@^1.0.2:
  version "1.0.4"
  resolved "https://registry.yarnpkg.com/crc-universal/-/crc-universal-1.0.4.tgz#8320b35d62ab30578de28232b904ef6113983b16"
  integrity sha512-CE9xWEI6Gd5V0Bdmj5NoWH3d7+EIe4zUpy1sv6uvKYznzsDP1vhiWsTBmL6q9IrH2P6RRshp+8AkhR4CMtY5Hg==
  optionalDependencies:
    crc-native "^1.0.3"

crc32-universal@^1.0.1:
  version "1.0.1"
  resolved "https://registry.yarnpkg.com/crc32-universal/-/crc32-universal-1.0.1.tgz#d219740b381c97162560838ae9b2adbf225439d4"
  integrity sha512-s5aeEG79zDRscFoDVtcsWNNSLrpRk9PVINTGIBtRW/wGWYw1tJiSrpNo7yTxokJcbg6SvYgy/NHlMxlyuBL1pg==
  dependencies:
    node-gyp-build "^4.2.3"

debounceify@^1.0.0:
  version "1.0.0"
  resolved "https://registry.yarnpkg.com/debounceify/-/debounceify-1.0.0.tgz#182889d32bab2dbcc0ad76861f9332f4a6509ff1"
  integrity sha512-7BeSMAPUohdDJ7sU6Tq2M8HkJR05IqQCeVm/qNemrpOgP5SGZD5WeNOXNfsgbESinz6OjMooWPTGZiKUX91XJQ==

debugging-stream@^2.0.0:
  version "2.0.0"
  resolved "https://registry.yarnpkg.com/debugging-stream/-/debugging-stream-2.0.0.tgz#515cad5a35299cf4b4bc0afcbd69d52c809c84ce"
  integrity sha512-xwfl6wB/3xc553uwtGnSa94jFxnGOc02C0WU2Nmzwr80gzeqn1FX4VcbvoKIhe8L/lPq4BTQttAbrTN94uN8rA==
  dependencies:
    streamx "^2.12.4"

dht-rpc@^5.0.1:
  version "5.0.6"
  resolved "https://registry.yarnpkg.com/dht-rpc/-/dht-rpc-5.0.6.tgz#f37af2ae965d71d1034f852414673ed86286f7c4"
  integrity sha512-8NxLsJ3WFoM2D/kQDu/4SOMnsjm/0NmBm4cJgUS9Idj1u/AuvY0bKpTNzUsVR25SdHfSEcbjzDPq40z3I3AVwg==
  dependencies:
    b4a "^1.3.1"
    bind-easy "^1.0.0"
    compact-encoding "^2.1.0"
    compact-encoding-net "^1.0.1"
    fast-fifo "^1.0.0"
    kademlia-routing-table "^1.0.0"
    nat-sampler "^1.0.1"
    sodium-universal "^3.0.4"
    streamx "^2.10.3"
    time-ordered-set "^1.0.2"

events@^3.3.0:
  version "3.3.0"
  resolved "https://registry.yarnpkg.com/events/-/events-3.3.0.tgz#31a95ad0a924e2d2c419a813aeb2c4e878ea7400"
  integrity sha512-mQw+2fkQbALzQ7V0MY0IqdnXNOeTtP4r0lN9z7AAawCXgqea7bDii20AYrIBrFd/Hx0M2Ocz6S111CaFkUcb0Q==

fast-fifo@^1.0.0, fast-fifo@^1.1.0:
  version "1.1.0"
  resolved "https://registry.yarnpkg.com/fast-fifo/-/fast-fifo-1.1.0.tgz#17d1a3646880b9891dfa0c54e69c5fef33cad779"
  integrity sha512-Kl29QoNbNvn4nhDsLYjyIAaIqaJB6rBx5p3sL9VjaefJ+eMFBWVZiaoguaoZfzEKr5RhAti0UgM8703akGPJ6g==

flat-tree@^1.9.0:
  version "1.9.0"
  resolved "https://registry.yarnpkg.com/flat-tree/-/flat-tree-1.9.0.tgz#cdd9e9884b7fd1973a04709b694f75e47ee18b8c"
  integrity sha512-WRu5/q9fcdL9f7L6Ahq8fR153e5Zr5aU6plPHupN6JDWuvEJbMjrEQprge3/I7ytndHC6/GUNg5Rg8XEisuv5w==

fs-native-extensions@^1.1.0:
  version "1.2.1"
  resolved "https://registry.yarnpkg.com/fs-native-extensions/-/fs-native-extensions-1.2.1.tgz#7d89ed2717f89787726bf60d5ec8c4a79b4792a2"
  integrity sha512-dbRr0JJjosPyYvrG3cuampPRRCG3MeLraK2QTc1nJa9bHUmthRXMQ+RreWlZFma+GY5sujYq/OtHQ2+My9gyVw==
  dependencies:
    napi-macros "^2.0.0"
    node-gyp-build "^4.2.3"
    uv-errors "^1.0.1"

function-bind@^1.1.1:
  version "1.1.1"
  resolved "https://registry.yarnpkg.com/function-bind/-/function-bind-1.1.1.tgz#a56899d3ea3c9bab874bb9773b7c5ede92f4895d"
  integrity sha512-yIovAzMX49sF8Yl58fSCWJ5svSLuaibPxXQJFLmBObTuCr0Mf1KiPopGM9NiFjiYBCbfaa2Fh6breQ6ANVTI0A==

has@^1.0.3:
  version "1.0.3"
  resolved "https://registry.yarnpkg.com/has/-/has-1.0.3.tgz#722d7cbfc1f6aa8241f16dd814e011e1f41e8796"
  integrity sha512-f2dvO0VU6Oej7RkWJGrehjbzMAjFp5/VKPp5tTpWIV4JHHZK1/BxbFRtf/siA2SWTe09caDmVtYYzWEIbBS4zw==
  dependencies:
    function-bind "^1.1.1"

hmac-blake2b@^2.0.0:
  version "2.0.2"
  resolved "https://registry.yarnpkg.com/hmac-blake2b/-/hmac-blake2b-2.0.2.tgz#852bd2745766316cd23cafcf4ea64947ea4b97b9"
  integrity sha512-1XnS1OeKvuPIzf5MI5xw0pgB8MUlvcGGX3TH5LNz9Ew6dRMI6b2wHZoUpbj+WjbRqb9hkIW7Oo00rrvPJuQX1g==
  dependencies:
    nanoassert "^2.0.0"
    sodium-universal "^4.0.0"

hyperbee@^1.6.3:
  version "1.10.1"
  resolved "https://registry.yarnpkg.com/hyperbee/-/hyperbee-1.10.1.tgz#0a971e15de328309426c545d590633e35fc64761"
  integrity sha512-c9FByHIy6TG4rkjlfXFo1p1EDotBMsrwZh+BkUPNKsOsWWy010SVS9MPKV78EtnRBGN/7NsdEIdDxNIvgffRRA==
  dependencies:
    codecs "^2.1.0"
    hypercore-promisifier "^1.0.1"
    mutexify "^1.3.1"
    protocol-buffers-encodings "^1.1.0"
    streamx "^2.6.6"

hypercore-crypto@^3.2.1, hypercore-crypto@^3.3.1:
  version "3.3.1"
  resolved "https://registry.yarnpkg.com/hypercore-crypto/-/hypercore-crypto-3.3.1.tgz#3bb2290045e9d44ee1bf5286158a3fad16d2406e"
  integrity sha512-Fo0ZBMDW3P7HFh58AQdxsVop0Xh0Bper4Pyl5Dpc+tvGos6je2ufJpeepaHaI0mNkKq4we1ikd47kTnx2XJd/w==
  dependencies:
    b4a "^1.1.0"
    compact-encoding "^2.5.1"
    sodium-universal "^4.0.0"

hypercore-promisifier@^1.0.1:
  version "1.1.0"
  resolved "https://registry.yarnpkg.com/hypercore-promisifier/-/hypercore-promisifier-1.1.0.tgz#50ec5174e957c10cd66b5b3e6f39dc044af340e8"
  integrity sha512-W4W+fhbWZ5ydLjiAwydXD0yBe9b5cHafoyedVyQ2L8PEsGCeYEr4Efrq/Fyaa/0dheNJvfJGTOs0c36FPweDnw==
  dependencies:
    call-me-maybe "^1.0.1"
    inspect-custom-symbol "^1.1.1"

hypercore@^10.8.0:
  version "10.8.1"
  resolved "https://registry.yarnpkg.com/hypercore/-/hypercore-10.8.1.tgz#5852322b8138f4b52724fc5dd182cf30e270f486"
  integrity sha512-ORnHsMi/NyerofTWkt3b4suHOx0037vJwd4q9BNsZGYhXaWepzZd0/vIU8BBsTZsyY90xfOJp03MwGRg1kB3sw==
  dependencies:
    "@hyperswarm/secret-stream" "^6.0.0"
    b4a "^1.1.0"
    big-sparse-array "^1.0.3"
    compact-encoding "^2.11.0"
    crc-universal "^1.0.2"
    events "^3.3.0"
    flat-tree "^1.9.0"
    hypercore-crypto "^3.2.1"
    is-options "^1.0.1"
    protomux "^3.4.0"
    quickbit-universal "^2.0.3"
    random-access-file "^4.0.0"
    random-array-iterator "^1.0.0"
    safety-catch "^1.0.1"
    sodium-universal "^4.0.0"
    streamx "^2.12.4"
    xache "^1.1.0"
    z32 "^1.0.0"

hypercore@v10.0.0:
  version "10.0.0"
  resolved "https://registry.yarnpkg.com/hypercore/-/hypercore-10.0.0.tgz#ca845bb7d8e9ef0b029fa542863a5f1105b34953"
  integrity sha512-+RHTUSNU7xD26oevEWmQvu3PRF4Q6+ZTTZm+BsIR11tp8yn/m5dHWXqLMBwcRT1dIJsw0x3jKcOx29tiaw+44Q==
  dependencies:
    "@hyperswarm/secret-stream" "^6.0.0"
    b4a "^1.1.0"
    big-sparse-array "^1.0.2"
    bits-to-bytes "^1.3.0"
    compact-encoding "^2.11.0"
    crc32-universal "^1.0.1"
    events "^3.3.0"
    flat-tree "^1.9.0"
    hypercore-crypto "^3.2.1"
    is-options "^1.0.1"
    protomux "^3.2.0"
    random-access-file "^3.0.1"
    random-array-iterator "^1.0.0"
    safety-catch "^1.0.1"
    sodium-universal "^3.0.4"
    streamx "^2.12.4"
    xache "^1.1.0"

hyperswarm@next:
  version "3.0.4"
  resolved "https://registry.yarnpkg.com/hyperswarm/-/hyperswarm-3.0.4.tgz#0b0b763bd7dd75dcd045746bd61d9cb5c38eac11"
  integrity sha512-+wNuhabxPpCRzrP98dtXV/Iwq7TnvcaKYx/yHXaMqZ7qqZOc8j/5aJcUyctT/5hSx0Uflwolit9BIx3L/F800w==
  dependencies:
    "@hyperswarm/dht" next
    b4a "^1.3.1"
    events "^3.3.0"
    shuffled-priority-queue "^2.1.0"

inherits@^2.0.3:
  version "2.0.4"
  resolved "https://registry.yarnpkg.com/inherits/-/inherits-2.0.4.tgz#0fa2c64f932917c3433a0ded55363aae37416b7c"
  integrity sha512-k/vGaX4/Yla3WzyMCvTQOXYeIHvqOKtnqBduzTHpzpQZzAskKMhZ2K+EnBiSM9zGSoIFeMpXKxa4dYeZIQqewQ==

inspect-custom-symbol@^1.1.1:
  version "1.1.1"
  resolved "https://registry.yarnpkg.com/inspect-custom-symbol/-/inspect-custom-symbol-1.1.1.tgz#18dae2ed4537f3d8e1708626d3756c10d7edf782"
  integrity sha512-GOucsp9EcdlLdhPUyOTvQDnbFJtp2WBWZV1Jqe+mVnkJQBL3w96+fB84C+JL+EKXOspMdB0eMDQPDp5w9fkfZA==

is-core-module@^2.9.0:
  version "2.11.0"
  resolved "https://registry.yarnpkg.com/is-core-module/-/is-core-module-2.11.0.tgz#ad4cb3e3863e814523c96f3f58d26cc570ff0144"
  integrity sha512-RRjxlvLDkD1YJwDbroBHMb+cukurkDWNyHx7D3oNB5x9rb5ogcksMC5wHCadcXoo67gVr/+3GFySh3134zi6rw==
  dependencies:
    has "^1.0.3"

is-options@^1.0.1:
  version "1.0.2"
  resolved "https://registry.yarnpkg.com/is-options/-/is-options-1.0.2.tgz#61dcfc1e8786c028a3adf919fa3b3cdb9fc30f81"
  integrity sha512-u+Ai74c8Q74aS8BuHwPdI1jptGOT1FQXgCq8/zv0xRuE+wRgSMEJLj8lVO8Zp9BeGb29BXY6AsNPinfqjkr7Fg==
  dependencies:
    b4a "^1.1.1"

kademlia-routing-table@^1.0.0:
  version "1.0.1"
  resolved "https://registry.yarnpkg.com/kademlia-routing-table/-/kademlia-routing-table-1.0.1.tgz#6f18416f612e885a8d4df128f04c490a90d772f6"
  integrity sha512-dKk19sC3/+kWhBIvOKCthxVV+JH0NrswSBq4sA4eOkkPMqQM1rRuOWte1WSKXeP8r9Nx4NuiH2gny3lMddJTpw==

lexicographic-integer@^1.1.0:
  version "1.1.0"
  resolved "https://registry.yarnpkg.com/lexicographic-integer/-/lexicographic-integer-1.1.0.tgz#52ca6d998a572e6322b515f5b80e396c6043e9b8"
  integrity sha512-MQCrf1gG31DJSNQDiIfgk7CQVlXkO6xC+DFGExs5WQWlxWSSAroH5k/UrKrS6LThHDHBoc3X1pNoYHDKOCPWRQ==

minimist@^1.2.5:
  version "1.2.8"
  resolved "https://registry.yarnpkg.com/minimist/-/minimist-1.2.8.tgz#c1a464e7693302e082a075cee0c057741ac4772c"
  integrity sha512-2yyAR8qBkN3YuheJanUpWC5U3bb5osDywNB8RzDVlDwDHbocAJveqqj1u8+SVD7jkWT4yvsHCpWqqWqAxb0zCA==

mutexify@^1.3.1:
  version "1.4.0"
  resolved "https://registry.yarnpkg.com/mutexify/-/mutexify-1.4.0.tgz#b7f4ac0273c81824b840887c6a6e0bfab14bbe94"
  integrity sha512-pbYSsOrSB/AKN5h/WzzLRMFgZhClWccf2XIB4RSMC8JbquiB0e0/SH5AIfdQMdyHmYtv4seU7yV/TvAwPLJ1Yg==
  dependencies:
    queue-tick "^1.0.0"

nanoassert@^2.0.0:
  version "2.0.0"
  resolved "https://registry.yarnpkg.com/nanoassert/-/nanoassert-2.0.0.tgz#a05f86de6c7a51618038a620f88878ed1e490c09"
  integrity sha512-7vO7n28+aYO4J+8w96AzhmU8G+Y/xpPDJz/se19ICsqj/momRbb9mh9ZUtkoJ5X3nTnPdhEJyc0qnM6yAsHBaA==

napi-macros@^2.0.0:
  version "2.2.2"
  resolved "https://registry.yarnpkg.com/napi-macros/-/napi-macros-2.2.2.tgz#817fef20c3e0e40a963fbf7b37d1600bd0201044"
  integrity sha512-hmEVtAGYzVQpCKdbQea4skABsdXW4RUh5t5mJ2zzqowJS2OyXZTU1KhDVFhx+NlWZ4ap9mqR9TcDO3LTTttd+g==

nat-sampler@^1.0.1:
  version "1.0.1"
  resolved "https://registry.yarnpkg.com/nat-sampler/-/nat-sampler-1.0.1.tgz#2b68338ea6d4c139450cd971fd00a4ac1b33d923"
  integrity sha512-yQvyNN7xbqR8crTKk3U8gRgpcV1Az+vfCEijiHu9oHHsnIl8n3x+yXNHl42M6L3czGynAVoOT9TqBfS87gDdcw==

node-gyp-build@^4.2.0, node-gyp-build@^4.2.3, node-gyp-build@^4.3.0:
  version "4.6.0"
  resolved "https://registry.yarnpkg.com/node-gyp-build/-/node-gyp-build-4.6.0.tgz#0c52e4cbf54bbd28b709820ef7b6a3c2d6209055"
  integrity sha512-NTZVKn9IylLwUzaKjkas1e4u2DLNcV4rdYagA4PWdPwW87Bi7z+BznyKSRwS/761tV/lzCGXplWsiaMjLqP2zQ==

noise-curve-ed@^1.0.2:
  version "1.0.4"
  resolved "https://registry.yarnpkg.com/noise-curve-ed/-/noise-curve-ed-1.0.4.tgz#8ae83f5d2d2e31d0c9c069271ca6e462d31cd884"
  integrity sha512-plUUSEOU66FZ9TaBKpk4+fgQeeS+OLlThS2o8a1TxVpMWV2v1izvEnjSpFV9gEPZl4/1yN+S5KqLubFjogqQOw==
  dependencies:
    b4a "^1.1.0"
    nanoassert "^2.0.0"
    sodium-universal "^3.0.4"

noise-curve-ed@^2.0.1:
  version "2.0.1"
  resolved "https://registry.yarnpkg.com/noise-curve-ed/-/noise-curve-ed-2.0.1.tgz#c07adb2dde8dfaffb90aa95be9a522f5ed661e6d"
  integrity sha512-8HMZ40Wmarg8RQjVemLrjB49JSL6eGeOD+tlzaQW5/p+hNPfHFEMC3UZZ57zUqUprMuz6GN+gsPExpz2DWL+iA==
  dependencies:
    b4a "^1.1.0"
    nanoassert "^2.0.0"
    sodium-universal "^4.0.0"

noise-handshake@^2.1.0:
  version "2.2.0"
  resolved "https://registry.yarnpkg.com/noise-handshake/-/noise-handshake-2.2.0.tgz#24c98f502d49118770e1ec2af2894b8789f0ac7c"
  integrity sha512-+0mFUc5YSnOPI+4K/7nr6XDGduITaUasPVurzrH03sk6yW+udKxP/qjEwEekRwIpnvcCKYnjiZ9HJenJv9ljZg==
  dependencies:
    b4a "^1.1.0"
    hmac-blake2b "^2.0.0"
    nanoassert "^2.0.0"
    sodium-universal "^3.0.4"

noise-handshake@^3.0.2:
  version "3.0.2"
  resolved "https://registry.yarnpkg.com/noise-handshake/-/noise-handshake-3.0.2.tgz#dcb6591808653be07e796de9d4f2ac1cb9619544"
  integrity sha512-4RQ9/6R/GLKA3DPcLDeo954ZBZezHBNpc4YnhyisZ9DPiTRnc81aGdCbH3J9pHllDfj82/f9wKHRRsU7C6pNEg==
  dependencies:
    b4a "^1.1.0"
    nanoassert "^2.0.0"
    sodium-universal "^4.0.0"

path-parse@^1.0.7:
  version "1.0.7"
  resolved "https://registry.yarnpkg.com/path-parse/-/path-parse-1.0.7.tgz#fbc114b60ca42b30d9daf5858e4bd68bbedb6735"
  integrity sha512-LDJzPVEEEPR+y48z93A0Ed0yXb8pAByGWo/k5YYdYgpY2/2EsOsksJrq7lOHxryrVOn1ejG6oAp8ahvOIQD8sw==

protocol-buffers-encodings@^1.1.0:
  version "1.2.0"
  resolved "https://registry.yarnpkg.com/protocol-buffers-encodings/-/protocol-buffers-encodings-1.2.0.tgz#39900b85dcff3172a23f15bdf3fda70daa2b38d3"
  integrity sha512-daeNPuKh1NlLD1uDfbLpD+xyUTc07nEtfHwmBZmt/vH0B7VOM+JOCOpDcx9ZRpqHjAiIkGqyTDi+wfGSl17R9w==
  dependencies:
    b4a "^1.6.0"
    signed-varint "^2.0.1"
    varint "5.0.0"

protomux@^3.2.0, protomux@^3.4.0, protomux@^3.4.1:
  version "3.4.1"
  resolved "https://registry.yarnpkg.com/protomux/-/protomux-3.4.1.tgz#c6ca9d4e67350f66bdcffad8430b60a14cb4d792"
  integrity sha512-V8MDCiDGqxM4/hGOewmezbCX7HZfcYGtpdO0MK6pEhBLSknENuqqE98OEWyQuwDalfHULVO8ml7LSwTB5g5Z6g==
  dependencies:
    b4a "^1.3.1"
    compact-encoding "^2.5.1"
    queue-tick "^1.0.0"
    safety-catch "^1.0.1"

queue-tick@^1.0.0, queue-tick@^1.0.1:
  version "1.0.1"
  resolved "https://registry.yarnpkg.com/queue-tick/-/queue-tick-1.0.1.tgz#f6f07ac82c1fd60f82e098b417a80e52f1f4c142"
  integrity sha512-kJt5qhMxoszgU/62PLP1CJytzd2NKetjSRnyuj31fDd3Rlcz3fzlFdFLD1SItunPwyqEOkca6GbV612BWfaBag==

quickbit-native@^2.0.3:
  version "2.0.3"
  resolved "https://registry.yarnpkg.com/quickbit-native/-/quickbit-native-2.0.3.tgz#5883a1e4ff509ee94c5af76eb95284796f398b6b"
  integrity sha512-hUw5/Ps7bZQAcKhLTfXD0513/qfiFn0yk9+7ovBWO6cDENpiL9XwDqh5WdAZRWOHjkgtLK5eLF5kXTaUXftUAA==
  dependencies:
    b4a "^1.6.0"
    napi-macros "^2.0.0"
    node-gyp-build "^4.2.3"

quickbit-universal@^2.0.3:
  version "2.0.5"
  resolved "https://registry.yarnpkg.com/quickbit-universal/-/quickbit-universal-2.0.5.tgz#0aede9994ebff57a51c0edcf13e0e93e51ad6f3b"
  integrity sha512-pVTWgwfl5smL+Y/tqPaV9TYRfzALO6Wf1SlHVGrTzapeFHm3s1JgdMsKuSQTp/zTB+cw4JcXc0JJFrPT6taJfQ==
  dependencies:
    b4a "^1.6.0"
    simdle-universal "^1.1.0"
  optionalDependencies:
    quickbit-native "^2.0.3"

random-access-file@^3.0.1:
  version "3.2.2"
  resolved "https://registry.yarnpkg.com/random-access-file/-/random-access-file-3.2.2.tgz#125189eb078cf39c3e62abe1f0d3c6f4ca5c1d20"
  integrity sha512-lscY8hUUYqh5LFJpbOH+8st31LtH9k/TAxngjKgc5Kj9bdLpqdeyXTzfvPNNChgNbCrC9mZabOn0E+FCueC7cA==
  dependencies:
    random-access-storage "^2.2.0"
  optionalDependencies:
    fs-native-extensions "^1.1.0"

random-access-file@^4.0.0:
  version "4.0.0"
  resolved "https://registry.yarnpkg.com/random-access-file/-/random-access-file-4.0.0.tgz#67f0e16b8d86c0124da17bea27ed101f07c6a2a8"
  integrity sha512-9nk4xujIoF1bGVxd6XiM/3cnJevNYLAjv9nPmJXbCn/3fxXBr9jb9IodIDJvtiTKFwVzlwGzGGqM+zVbRw6Yaw==
  dependencies:
    random-access-storage "^3.0.0"
  optionalDependencies:
    fs-native-extensions "^1.1.0"

random-access-memory@^3.1.2:
  version "3.1.4"
  resolved "https://registry.yarnpkg.com/random-access-memory/-/random-access-memory-3.1.4.tgz#9d664ccaf5d9a4380b810e831b0c8c8cb94a53c4"
  integrity sha512-rqgqd/8ec65gbpKaYHnDOW391OR39d+eXn8NI87G+f3sUKrtGib9jC+/5/9MBFBwwHAZIS8RLJ8yyB4etzbYTA==
  dependencies:
    inherits "^2.0.3"
    is-options "^1.0.1"
    random-access-storage "^1.1.1"

random-access-storage@^1.1.1:
  version "1.4.3"
  resolved "https://registry.yarnpkg.com/random-access-storage/-/random-access-storage-1.4.3.tgz#277d07005107562dfea84798eb9a6acd47d64b7f"
  integrity sha512-D5e2iIC5dNENWyBxsjhEnNOMCwZZ64TARK6dyMN+3g4OTC4MJxyjh9hKLjTGoNhDOPrgjI+YlFEHFnrp/cSnzQ==
  dependencies:
    events "^3.3.0"
    inherits "^2.0.3"
    queue-tick "^1.0.0"

random-access-storage@^2.2.0:
  version "2.3.0"
  resolved "https://registry.yarnpkg.com/random-access-storage/-/random-access-storage-2.3.0.tgz#18bfd70407e2e8c42d941ecbe7016256b78912da"
  integrity sha512-+sGRoANV5/g+JuHXNmML7F+fm7zM2MkXOOmBDCSM2C5ov35fSyQYCQ3My/hxe1jkmSp6pyAeGW3jA2iC0rfZ4g==
  dependencies:
    events "^3.3.0"
    queue-tick "^1.0.0"

random-access-storage@^3.0.0:
  version "3.0.0"
  resolved "https://registry.yarnpkg.com/random-access-storage/-/random-access-storage-3.0.0.tgz#a4107a84313cf0e215b232d533ac286b77b99a8c"
  integrity sha512-f9KeHUMhrqj0hE2d4HbUXk/Cd5vElaVzdA0PuqPTlnxsG3dDvwQaMg8POT5tWK6UxJ80zAONZpHgLPMnnff1RA==
  dependencies:
    events "^3.3.0"
    queue-tick "^1.0.0"

random-array-iterator@^1.0.0:
  version "1.0.0"
  resolved "https://registry.yarnpkg.com/random-array-iterator/-/random-array-iterator-1.0.0.tgz#1081f8922d68d2817368c13028f858ec308e146b"
  integrity sha512-u7xCM93XqKEvPTP6xZp2ehttcAemKnh73oKNf1FvzuVCfpt6dILDt1Kxl1LeBjm2iNIeR49VGFhy4Iz3yOun+Q==

readable-stream@^3.0.2:
  version "3.6.2"
  resolved "https://registry.yarnpkg.com/readable-stream/-/readable-stream-3.6.2.tgz#56a9b36ea965c00c5a93ef31eb111a0f11056967"
  integrity sha512-9u/sniCrY3D5WdsERHzHE4G2YCXqoG5FTHUiCC4SIbr6XcLZBY05ya9EKjYek9O5xOAwjGq+1JdGBAS7Q9ScoA==
  dependencies:
    inherits "^2.0.3"
    string_decoder "^1.1.1"
    util-deprecate "^1.0.1"

record-cache@^1.1.1:
  version "1.2.0"
  resolved "https://registry.yarnpkg.com/record-cache/-/record-cache-1.2.0.tgz#e601bc4f164d58330cc00055e27aa4682291c882"
  integrity sha512-kyy3HWCez2WrotaL3O4fTn0rsIdfRKOdQQcEJ9KpvmKmbffKVvwsloX063EgRUlpJIXHiDQFhJcTbZequ2uTZw==
  dependencies:
    b4a "^1.3.1"

resolve@^1.17.0:
  version "1.22.1"
  resolved "https://registry.yarnpkg.com/resolve/-/resolve-1.22.1.tgz#27cb2ebb53f91abb49470a928bba7558066ac177"
  integrity sha512-nBpuuYuY5jFsli/JIs1oldw6fOQCBioohqWZg/2hiaOybXOft4lonv85uDOKXdf8rhyK159cxU5cDcK/NKk8zw==
  dependencies:
    is-core-module "^2.9.0"
    path-parse "^1.0.7"
    supports-preserve-symlinks-flag "^1.0.0"

safe-buffer@~5.2.0:
  version "5.2.1"
  resolved "https://registry.yarnpkg.com/safe-buffer/-/safe-buffer-5.2.1.tgz#1eaf9fa9bdb1fdd4ec75f58f9cdb4e6b7827eec6"
  integrity sha512-rp3So07KcdmmKbGvgaNxQSJr7bGVSVk5S9Eq1F+ppbRo70+YeaDxkw5Dd8NPN+GD6bjnYm2VuPuCXmpuYvmCXQ==

safety-catch@^1.0.1:
  version "1.0.2"
  resolved "https://registry.yarnpkg.com/safety-catch/-/safety-catch-1.0.2.tgz#d64cbd57fd601da91c356b6ab8902f3e449a7a4b"
  integrity sha512-C1UYVZ4dtbBxEtvOcpjBaaD27nP8MlvyAQEp2fOTOEe6pfUpk1cDUxij6BR1jZup6rSyUTaBBplK7LanskrULA==

sha256-universal@^1.1.0:
  version "1.2.1"
  resolved "https://registry.yarnpkg.com/sha256-universal/-/sha256-universal-1.2.1.tgz#051d92decce280cd6137d42d496eac88da942c0e"
  integrity sha512-ghn3muhdn1ailCQqqceNxRgkOeZSVfSE13RQWEg6njB+itsFzGVSJv+O//2hvNXZuxVIRyNzrgsZ37SPDdGJJw==
  dependencies:
    b4a "^1.0.1"
    sha256-wasm "^2.2.1"

sha256-wasm@^2.2.1:
  version "2.2.2"
  resolved "https://registry.yarnpkg.com/sha256-wasm/-/sha256-wasm-2.2.2.tgz#4940b6c9ba28f3f08b700efce587ef36d4d516d4"
  integrity sha512-qKSGARvao+JQlFiA+sjJZhJ/61gmW/3aNLblB2rsgIxDlDxsJPHo8a1seXj12oKtuHVgJSJJ7QEGBUYQN741lQ==
  dependencies:
    b4a "^1.0.1"
    nanoassert "^2.0.0"

sha512-universal@^1.1.0:
  version "1.2.1"
  resolved "https://registry.yarnpkg.com/sha512-universal/-/sha512-universal-1.2.1.tgz#829505a7586530515cc1a10b78815c99722c4df0"
  integrity sha512-kehYuigMoRkIngCv7rhgruLJNNHDnitGTBdkcYbCbooL8Cidj/bS78MDxByIjcc69M915WxcQTgZetZ1JbeQTQ==
  dependencies:
    b4a "^1.0.1"
    sha512-wasm "^2.3.1"

sha512-wasm@^2.3.1:
  version "2.3.4"
  resolved "https://registry.yarnpkg.com/sha512-wasm/-/sha512-wasm-2.3.4.tgz#b86b37112ff6d1fc3740f2484a6855f17a6e1300"
  integrity sha512-akWoxJPGCB3aZCrZ+fm6VIFhJ/p8idBv7AWGFng/CZIrQo51oQNsvDbTSRXWAzIiZJvpy16oIDiCCPqTe21sKg==
  dependencies:
    b4a "^1.0.1"
    nanoassert "^2.0.0"

shuffled-priority-queue@^2.1.0:
  version "2.1.0"
  resolved "https://registry.yarnpkg.com/shuffled-priority-queue/-/shuffled-priority-queue-2.1.0.tgz#432bf14dd90f7c4dd1705752d81aadf454fd3af6"
  integrity sha512-xhdh7fHyMsr0m/w2kDfRJuBFRS96b9l8ZPNWGaQ+PMvnUnZ/Eh+gJJ9NsHBd7P9k0399WYlCLzsy18EaMfyadA==
  dependencies:
    unordered-set "^2.0.1"

signed-varint@^2.0.1:
  version "2.0.1"
  resolved "https://registry.yarnpkg.com/signed-varint/-/signed-varint-2.0.1.tgz#50a9989da7c98c2c61dad119bc97470ef8528129"
  integrity sha512-abgDPg1106vuZZOvw7cFwdCABddfJRz5akcCcchzTbhyhYnsG31y4AlZEgp315T7W3nQq5P4xeOm186ZiPVFzw==
  dependencies:
    varint "~5.0.0"

simdle-native@^1.1.1:
  version "1.1.1"
  resolved "https://registry.yarnpkg.com/simdle-native/-/simdle-native-1.1.1.tgz#919c249e4b883985b95db11812fbdcf38bca1157"
  integrity sha512-X9kryL4w7LaPeiLR4uwOCBXI7/z2oYtvD3uz9yEVULznXGYFezZv7BS1aXeJguebD/iCU3d2b6utb63AY0lCtA==
  dependencies:
    b4a "^1.6.0"
    napi-macros "^2.0.0"
    node-gyp-build "^4.2.3"

simdle-universal@^1.1.0:
  version "1.1.2"
  resolved "https://registry.yarnpkg.com/simdle-universal/-/simdle-universal-1.1.2.tgz#ecc84434d0c5cd4e6a2557763cddc46ad557a301"
  integrity sha512-3n3w1bs+uwgHKQjt6arez83EywNlhZzYvNOhvAASTl/8KqNIcqr6aHyGt3JRlfuUC7iB0tomJRPlJ2cRGIpBzA==
  dependencies:
    b4a "^1.6.0"
  optionalDependencies:
    simdle-native "^1.1.1"

siphash24@^1.0.1:
  version "1.3.1"
  resolved "https://registry.yarnpkg.com/siphash24/-/siphash24-1.3.1.tgz#7f87fd2c5db88d8d46335a68f780f281641c8b22"
  integrity sha512-moemC3ZKiTzH29nbFo3Iw8fbemWWod4vNs/WgKbQ54oEs6mE6XVlguxvinYjB+UmaE0PThgyED9fUkWvirT8hA==
  dependencies:
    nanoassert "^2.0.0"

sodium-javascript@~0.8.0:
  version "0.8.0"
  resolved "https://registry.yarnpkg.com/sodium-javascript/-/sodium-javascript-0.8.0.tgz#0a94d7bb58ab17be82255f3949259af59778fdbc"
  integrity sha512-rEBzR5mPxPES+UjyMDvKPIXy9ImF17KOJ32nJNi9uIquWpS/nfj+h6m05J5yLJaGXjgM72LmQoUbWZVxh/rmGg==
  dependencies:
    blake2b "^2.1.1"
    chacha20-universal "^1.0.4"
    nanoassert "^2.0.0"
    sha256-universal "^1.1.0"
    sha512-universal "^1.1.0"
    siphash24 "^1.0.1"
    xsalsa20 "^1.0.0"

sodium-native@^3.2.0:
  version "3.4.1"
  resolved "https://registry.yarnpkg.com/sodium-native/-/sodium-native-3.4.1.tgz#44616c07ccecea15195f553af88b3e574b659741"
  integrity sha512-PaNN/roiFWzVVTL6OqjzYct38NSXewdl2wz8SRB51Br/MLIJPrbM3XexhVWkq7D3UWMysfrhKVf1v1phZq6MeQ==
  dependencies:
    node-gyp-build "^4.3.0"

sodium-native@^4.0.0:
  version "4.0.1"
  resolved "https://registry.yarnpkg.com/sodium-native/-/sodium-native-4.0.1.tgz#773201b0d7872da294b9b12cd90d4a913dc9a2dd"
  integrity sha512-OQTaxrVLtMvrnfcwZVsOTHe58MfDApJiHJNoOwcmmrhwvlYkfaUt2WuzRio8PgEMOd96R5aDHY49DCtock1zsA==
  dependencies:
    node-gyp-build "^4.3.0"

sodium-secretstream@^1.0.0, sodium-secretstream@^1.1.0:
  version "1.1.0"
  resolved "https://registry.yarnpkg.com/sodium-secretstream/-/sodium-secretstream-1.1.0.tgz#25fec816cd9ae5e2d38d7511b88560debe39179a"
  integrity sha512-Qg7D2xomELDjDCWAmE4izk1aecG/il8pQIGmSWFaKgah/V58BVWG/PuSZF6vseTpcqnetIFGaOWzmPNzyTD50A==
  dependencies:
    b4a "^1.1.1"
    sodium-universal "^4.0.0"

sodium-universal@^3.0.4:
  version "3.1.0"
  resolved "https://registry.yarnpkg.com/sodium-universal/-/sodium-universal-3.1.0.tgz#f2fa0384d16b7cb99b1c8551a39cc05391a3ed41"
  integrity sha512-N2gxk68Kg2qZLSJ4h0NffEhp4BjgWHCHXVlDi1aG1hA3y+ZeWEmHqnpml8Hy47QzfL1xLy5nwr9LcsWAg2Ep0A==
  dependencies:
    blake2b "^2.1.1"
    chacha20-universal "^1.0.4"
    nanoassert "^2.0.0"
    resolve "^1.17.0"
    sha256-universal "^1.1.0"
    sha512-universal "^1.1.0"
    siphash24 "^1.0.1"
    sodium-javascript "~0.8.0"
    sodium-native "^3.2.0"
    xsalsa20 "^1.0.0"

sodium-universal@^4.0.0:
  version "4.0.0"
  resolved "https://registry.yarnpkg.com/sodium-universal/-/sodium-universal-4.0.0.tgz#0d7c81aee7a013e8a950f7bea8d8cfff369c2424"
  integrity sha512-iKHl8XnBV96k1c75gwwzANFdephw/MDWSjQAjPmBE+du0y3P23Q8uf7AcdcfFsYAMwLg7WVBfSAIBtV/JvRsjA==
  dependencies:
    blake2b "^2.1.1"
    chacha20-universal "^1.0.4"
    nanoassert "^2.0.0"
    sha256-universal "^1.1.0"
    sha512-universal "^1.1.0"
    siphash24 "^1.0.1"
    sodium-javascript "~0.8.0"
    sodium-native "^4.0.0"
    xsalsa20 "^1.0.0"

streamx@^2.10.0, streamx@^2.10.2, streamx@^2.10.3, streamx@^2.12.4, streamx@^2.13.0, streamx@^2.6.6:
  version "2.13.2"
  resolved "https://registry.yarnpkg.com/streamx/-/streamx-2.13.2.tgz#9de43569a1cd54980d128673b3c1429b79afff1c"
  integrity sha512-+TWqixPhGDXEG9L/XczSbhfkmwAtGs3BJX5QNU6cvno+pOLKeszByWcnaTu6dg8efsTYqR8ZZuXWHhZfgrxMvA==
  dependencies:
    fast-fifo "^1.1.0"
    queue-tick "^1.0.1"

string_decoder@^1.1.1:
  version "1.3.0"
  resolved "https://registry.yarnpkg.com/string_decoder/-/string_decoder-1.3.0.tgz#42f114594a46cf1a8e30b0a84f56c78c3edac21e"
  integrity sha512-hkRX8U1WjJFd8LsDJ2yQ/wWWxaopEsABU1XfkM8A+j0+85JAGppt16cr1Whg6KIbb4okU6Mql6BOj+uup/wKeA==
  dependencies:
    safe-buffer "~5.2.0"

supports-preserve-symlinks-flag@^1.0.0:
  version "1.0.0"
  resolved "https://registry.yarnpkg.com/supports-preserve-symlinks-flag/-/supports-preserve-symlinks-flag-1.0.0.tgz#6eda4bd344a3c94aea376d4cc31bc77311039e09"
  integrity sha512-ot0WnXS9fgdkgIcePe6RHNk1WA8+muPa6cSjeR3V8K27q9BB1rTE3R1p7Hv0z1ZyAc8s6Vvv8DIyWf681MAt0w==

time-ordered-set@^1.0.2:
  version "1.0.2"
  resolved "https://registry.yarnpkg.com/time-ordered-set/-/time-ordered-set-1.0.2.tgz#3bd931fc048234147f8c2b8b1ebbebb0a3ecb96f"
  integrity sha512-vGO99JkxvgX+u+LtOKQEpYf31Kj3i/GNwVstfnh4dyINakMgeZCpew1e3Aj+06hEslhtHEd52g7m5IV+o1K8Mw==

timeout-refresh@^1.0.0:
  version "1.0.3"
  resolved "https://registry.yarnpkg.com/timeout-refresh/-/timeout-refresh-1.0.3.tgz#7024a8ce0a09a57acc2ea86002048e6c0bff7375"
  integrity sha512-Mz0CX4vBGM5lj8ttbIFt7o4ZMxk/9rgudJRh76EvB7xXZMur7T/cjRiH2w4Fmkq0zxf2QpM8IFvOSRn8FEu3gA==

timeout-refresh@^2.0.0:
  version "2.0.1"
  resolved "https://registry.yarnpkg.com/timeout-refresh/-/timeout-refresh-2.0.1.tgz#f8ec7cf1f9d93b2635b7d4388cb820c5f6c16f98"
  integrity sha512-SVqEcMZBsZF9mA78rjzCrYrUs37LMJk3ShZ851ygZYW1cMeIjs9mL57KO6Iv5mmjSQnOe/29/VAfGXo+oRCiVw==

unordered-set@^2.0.1:
  version "2.0.1"
  resolved "https://registry.yarnpkg.com/unordered-set/-/unordered-set-2.0.1.tgz#4cd0fe27b8814bcf5d6073e5f0966ec7a50841e6"
  integrity sha512-eUmNTPzdx+q/WvOHW0bgGYLWvWHNT3PTKEQLg0MAQhc0AHASHVHoP/9YytYd4RBVariqno/mEUhVZN98CmD7bg==

util-deprecate@^1.0.1:
  version "1.0.2"
  resolved "https://registry.yarnpkg.com/util-deprecate/-/util-deprecate-1.0.2.tgz#450d4dc9fa70de732762fbd2d4a28981419a0ccf"
  integrity sha512-EPD5q1uXyFxJpCrLnCc1nHnq3gOa6DZBocAIiI2TaSCA7VCJ1UJDMagCzIkXNsUYfD1daK//LTEQ8xiIbrHtcw==

utp-native@^2.5.3:
  version "2.5.3"
  resolved "https://registry.yarnpkg.com/utp-native/-/utp-native-2.5.3.tgz#7c04c2a8c2858716555a77d10adb9819e3119b25"
  integrity sha512-sWTrWYXPhhWJh+cS2baPzhaZc89zwlWCfwSthUjGhLkZztyPhcQllo+XVVCbNGi7dhyRlxkWxN4NKU6FbA9Y8w==
  dependencies:
    napi-macros "^2.0.0"
    node-gyp-build "^4.2.0"
    readable-stream "^3.0.2"
    timeout-refresh "^1.0.0"
    unordered-set "^2.0.1"

uv-errors@^1.0.1:
  version "1.0.4"
  resolved "https://registry.yarnpkg.com/uv-errors/-/uv-errors-1.0.4.tgz#d6348e0d10ed8b2fdc777c952c54e7b10456f51a"
  integrity sha512-6hlu1s0O+t+PHEMgAIVb+JxOOIyc4RdYaKwtDNJNQp6R3uMMBjfrSYysHTVgX/o1QQ0tBucwm/pIAkiXEBLxTA==

varint@5.0.0:
  version "5.0.0"
  resolved "https://registry.yarnpkg.com/varint/-/varint-5.0.0.tgz#d826b89f7490732fabc0c0ed693ed475dcb29ebf"
  integrity sha512-gC13b/bWrqQoKY2EmROCZ+AR0jitc6DnDGaQ6Ls9QpKmuSgJB1eQ7H3KETtQm7qSdMWMKCmsshyCmUwMLh3OAA==

varint@~5.0.0:
  version "5.0.2"
  resolved "https://registry.yarnpkg.com/varint/-/varint-5.0.2.tgz#5b47f8a947eb668b848e034dcfa87d0ff8a7f7a4"
  integrity sha512-lKxKYG6H03yCZUpAGOPOsMcGxd1RHCu1iKvEHYDPmTyq2HueGhD73ssNBqqQWfvYs04G9iUFRvmAVLW20Jw6ow==

xache@^1.0.0, xache@^1.1.0:
  version "1.1.0"
  resolved "https://registry.yarnpkg.com/xache/-/xache-1.1.0.tgz#afc20dec9ff8b2260eea03f5ad9422dc0200c6e9"
  integrity sha512-RQGZDHLy/uCvnIrAvaorZH/e6Dfrtxj16iVlGjkj4KD2/G/dNXNqhk5IdSucv5nSSnDK00y8Y/2csyRdHveJ+Q==

xsalsa20@^1.0.0:
  version "1.2.0"
  resolved "https://registry.yarnpkg.com/xsalsa20/-/xsalsa20-1.2.0.tgz#e5a05cb26f8cef723f94a559102ed50c1b44c25c"
  integrity sha512-FIr/DEeoHfj7ftfylnoFt3rAIRoWXpx2AoDfrT2qD2wtp7Dp+COajvs/Icb7uHqRW9m60f5iXZwdsJJO3kvb7w==

z32@^1.0.0:
  version "1.0.0"
  resolved "https://registry.yarnpkg.com/z32/-/z32-1.0.0.tgz#d87c4a8b7aaf3660ebded2ec98f076e4c8d906e9"
  integrity sha512-p3DhBJckAZj5XwYMJYeLlkgJJ+aEyCoOjTpK17I/MofVs70eR+WQPXQpk1LEmMweB2JbUx0naFXPPI2EGaVX6w==
  dependencies:
    b4a "^1.5.3"
